// !$*UTF8*$!
{
	archiveVersion = 1;
	classes = {
	};
	objectVersion = 77;
	objects = {

/* Begin PBXContainerItemProxy section */
		BBFA1D722D488FBA005592FD /* PBXContainerItemProxy */ = {
			isa = PBXContainerItemProxy;
			containerPortal = BBFA1D532D488FB8005592FD /* Project object */;
			proxyType = 1;
			remoteGlobalIDString = BBFA1D5A2D488FB8005592FD;
			remoteInfo = ChangingBackground;
		};
		BBFA1D7C2D488FBA005592FD /* PBXContainerItemProxy */ = {
			isa = PBXContainerItemProxy;
			containerPortal = BBFA1D532D488FB8005592FD /* Project object */;
			proxyType = 1;
			remoteGlobalIDString = BBFA1D5A2D488FB8005592FD;
			remoteInfo = ChangingBackground;
		};
/* End PBXContainerItemProxy section */

/* Begin PBXFileReference section */
		BBFA1D5B2D488FB8005592FD /* ChangingBackground.app */ = {isa = PBXFileReference; explicitFileType = wrapper.application; includeInIndex = 0; path = ChangingBackground.app; sourceTree = BUILT_PRODUCTS_DIR; };
		BBFA1D712D488FBA005592FD /* ChangingBackgroundTests.xctest */ = {isa = PBXFileReference; explicitFileType = wrapper.cfbundle; includeInIndex = 0; path = ChangingBackgroundTests.xctest; sourceTree = BUILT_PRODUCTS_DIR; };
		BBFA1D7B2D488FBA005592FD /* ChangingBackgroundUITests.xctest */ = {isa = PBXFileReference; explicitFileType = wrapper.cfbundle; includeInIndex = 0; path = ChangingBackgroundUITests.xctest; sourceTree = BUILT_PRODUCTS_DIR; };
/* End PBXFileReference section */

/* Begin PBXFileSystemSynchronizedBuildFileExceptionSet section */
		BBFA1D832D488FBA005592FD /* Exceptions for "ChangingBackground" folder in "ChangingBackground" target */ = {
			isa = PBXFileSystemSynchronizedBuildFileExceptionSet;
			membershipExceptions = (
				Info.plist,
			);
			target = BBFA1D5A2D488FB8005592FD /* ChangingBackground */;
		};
/* End PBXFileSystemSynchronizedBuildFileExceptionSet section */

/* Begin PBXFileSystemSynchronizedRootGroup section */
		BBFA1D5D2D488FB8005592FD /* ChangingBackground */ = {
			isa = PBXFileSystemSynchronizedRootGroup;
			exceptions = (
				BBFA1D832D488FBA005592FD /* Exceptions for "ChangingBackground" folder in "ChangingBackground" target */,
			);
			path = ChangingBackground;
			sourceTree = "<group>";
		};
		BBFA1D742D488FBA005592FD /* ChangingBackgroundTests */ = {
			isa = PBXFileSystemSynchronizedRootGroup;
			path = ChangingBackgroundTests;
			sourceTree = "<group>";
		};
		BBFA1D7E2D488FBA005592FD /* ChangingBackgroundUITests */ = {
			isa = PBXFileSystemSynchronizedRootGroup;
			path = ChangingBackgroundUITests;
			sourceTree = "<group>";
		};
/* End PBXFileSystemSynchronizedRootGroup section */

/* Begin PBXFrameworksBuildPhase section */
		BBFA1D582D488FB8005592FD /* Frameworks */ = {
			isa = PBXFrameworksBuildPhase;
			buildActionMask = 2147483647;
			files = (
			);
			runOnlyForDeploymentPostprocessing = 0;
		};
		BBFA1D6E2D488FBA005592FD /* Frameworks */ = {
			isa = PBXFrameworksBuildPhase;
			buildActionMask = 2147483647;
			files = (
			);
			runOnlyForDeploymentPostprocessing = 0;
		};
		BBFA1D782D488FBA005592FD /* Frameworks */ = {
			isa = PBXFrameworksBuildPhase;
			buildActionMask = 2147483647;
			files = (
			);
			runOnlyForDeploymentPostprocessing = 0;
		};
/* End PBXFrameworksBuildPhase section */

/* Begin PBXGroup section */
		BBFA1D522D488FB8005592FD = {
			isa = PBXGroup;
			children = (
				BBFA1D5D2D488FB8005592FD /* ChangingBackground */,
				BBFA1D742D488FBA005592FD /* ChangingBackgroundTests */,
				BBFA1D7E2D488FBA005592FD /* ChangingBackgroundUITests */,
				BBFA1D5C2D488FB8005592FD /* Products */,
			);
			sourceTree = "<group>";
		};
		BBFA1D5C2D488FB8005592FD /* Products */ = {
			isa = PBXGroup;
			children = (
				BBFA1D5B2D488FB8005592FD /* ChangingBackground.app */,
				BBFA1D712D488FBA005592FD /* ChangingBackgroundTests.xctest */,
				BBFA1D7B2D488FBA005592FD /* ChangingBackgroundUITests.xctest */,
			);
			name = Products;
			sourceTree = "<group>";
		};
/* End PBXGroup section */

/* Begin PBXNativeTarget section */
		BBFA1D5A2D488FB8005592FD /* ChangingBackground */ = {
			isa = PBXNativeTarget;
			buildConfigurationList = BBFA1D842D488FBA005592FD /* Build configuration list for PBXNativeTarget "ChangingBackground" */;
			buildPhases = (
				BBFA1D572D488FB8005592FD /* Sources */,
				BBFA1D582D488FB8005592FD /* Frameworks */,
				BBFA1D592D488FB8005592FD /* Resources */,
			);
			buildRules = (
			);
			dependencies = (
			);
			fileSystemSynchronizedGroups = (
				BBFA1D5D2D488FB8005592FD /* ChangingBackground */,
			);
			name = ChangingBackground;
			packageProductDependencies = (
			);
			productName = ChangingBackground;
			productReference = BBFA1D5B2D488FB8005592FD /* ChangingBackground.app */;
			productType = "com.apple.product-type.application";
		};
		BBFA1D702D488FBA005592FD /* ChangingBackgroundTests */ = {
			isa = PBXNativeTarget;
			buildConfigurationList = BBFA1D892D488FBA005592FD /* Build configuration list for PBXNativeTarget "ChangingBackgroundTests" */;
			buildPhases = (
				BBFA1D6D2D488FBA005592FD /* Sources */,
				BBFA1D6E2D488FBA005592FD /* Frameworks */,
				BBFA1D6F2D488FBA005592FD /* Resources */,
			);
			buildRules = (
			);
			dependencies = (
				BBFA1D732D488FBA005592FD /* PBXTargetDependency */,
			);
			fileSystemSynchronizedGroups = (
				BBFA1D742D488FBA005592FD /* ChangingBackgroundTests */,
			);
			name = ChangingBackgroundTests;
			packageProductDependencies = (
			);
			productName = ChangingBackgroundTests;
			productReference = BBFA1D712D488FBA005592FD /* ChangingBackgroundTests.xctest */;
			productType = "com.apple.product-type.bundle.unit-test";
		};
		BBFA1D7A2D488FBA005592FD /* ChangingBackgroundUITests */ = {
			isa = PBXNativeTarget;
			buildConfigurationList = BBFA1D8C2D488FBA005592FD /* Build configuration list for PBXNativeTarget "ChangingBackgroundUITests" */;
			buildPhases = (
				BBFA1D772D488FBA005592FD /* Sources */,
				BBFA1D782D488FBA005592FD /* Frameworks */,
				BBFA1D792D488FBA005592FD /* Resources */,
			);
			buildRules = (
			);
			dependencies = (
				BBFA1D7D2D488FBA005592FD /* PBXTargetDependency */,
			);
			fileSystemSynchronizedGroups = (
				BBFA1D7E2D488FBA005592FD /* ChangingBackgroundUITests */,
			);
			name = ChangingBackgroundUITests;
			packageProductDependencies = (
			);
			productName = ChangingBackgroundUITests;
			productReference = BBFA1D7B2D488FBA005592FD /* ChangingBackgroundUITests.xctest */;
			productType = "com.apple.product-type.bundle.ui-testing";
		};
/* End PBXNativeTarget section */

/* Begin PBXProject section */
		BBFA1D532D488FB8005592FD /* Project object */ = {
			isa = PBXProject;
			attributes = {
				BuildIndependentTargetsInParallel = 1;
				LastSwiftUpdateCheck = 1620;
				LastUpgradeCheck = 1620;
				TargetAttributes = {
					BBFA1D5A2D488FB8005592FD = {
						CreatedOnToolsVersion = 16.2;
					};
					BBFA1D702D488FBA005592FD = {
						CreatedOnToolsVersion = 16.2;
						TestTargetID = BBFA1D5A2D488FB8005592FD;
					};
					BBFA1D7A2D488FBA005592FD = {
						CreatedOnToolsVersion = 16.2;
						TestTargetID = BBFA1D5A2D488FB8005592FD;
					};
				};
			};
			buildConfigurationList = BBFA1D562D488FB8005592FD /* Build configuration list for PBXProject "ChangingBackground" */;
			developmentRegion = en;
			hasScannedForEncodings = 0;
			knownRegions = (
				en,
				Base,
			);
			mainGroup = BBFA1D522D488FB8005592FD;
			minimizedProjectReferenceProxies = 1;
			preferredProjectObjectVersion = 77;
			productRefGroup = BBFA1D5C2D488FB8005592FD /* Products */;
			projectDirPath = "";
			projectRoot = "";
			targets = (
				BBFA1D5A2D488FB8005592FD /* ChangingBackground */,
				BBFA1D702D488FBA005592FD /* ChangingBackgroundTests */,
				BBFA1D7A2D488FBA005592FD /* ChangingBackgroundUITests */,
			);
		};
/* End PBXProject section */

/* Begin PBXResourcesBuildPhase section */
		BBFA1D592D488FB8005592FD /* Resources */ = {
			isa = PBXResourcesBuildPhase;
			buildActionMask = 2147483647;
			files = (
			);
			runOnlyForDeploymentPostprocessing = 0;
		};
		BBFA1D6F2D488FBA005592FD /* Resources */ = {
			isa = PBXResourcesBuildPhase;
			buildActionMask = 2147483647;
			files = (
			);
			runOnlyForDeploymentPostprocessing = 0;
		};
		BBFA1D792D488FBA005592FD /* Resources */ = {
			isa = PBXResourcesBuildPhase;
			buildActionMask = 2147483647;
			files = (
			);
			runOnlyForDeploymentPostprocessing = 0;
		};
/* End PBXResourcesBuildPhase section */

/* Begin PBXSourcesBuildPhase section */
		BBFA1D572D488FB8005592FD /* Sources */ = {
			isa = PBXSourcesBuildPhase;
			buildActionMask = 2147483647;
			files = (
			);
			runOnlyForDeploymentPostprocessing = 0;
		};
		BBFA1D6D2D488FBA005592FD /* Sources */ = {
			isa = PBXSourcesBuildPhase;
			buildActionMask = 2147483647;
			files = (
			);
			runOnlyForDeploymentPostprocessing = 0;
		};
		BBFA1D772D488FBA005592FD /* Sources */ = {
			isa = PBXSourcesBuildPhase;
			buildActionMask = 2147483647;
			files = (
			);
			runOnlyForDeploymentPostprocessing = 0;
		};
/* End PBXSourcesBuildPhase section */

/* Begin PBXTargetDependency section */
		BBFA1D732D488FBA005592FD /* PBXTargetDependency */ = {
			isa = PBXTargetDependency;
			target = BBFA1D5A2D488FB8005592FD /* ChangingBackground */;
			targetProxy = BBFA1D722D488FBA005592FD /* PBXContainerItemProxy */;
		};
		BBFA1D7D2D488FBA005592FD /* PBXTargetDependency */ = {
			isa = PBXTargetDependency;
			target = BBFA1D5A2D488FB8005592FD /* ChangingBackground */;
			targetProxy = BBFA1D7C2D488FBA005592FD /* PBXContainerItemProxy */;
		};
/* End PBXTargetDependency section */

/* Begin XCBuildConfiguration section */
		BBFA1D852D488FBA005592FD /* Debug */ = {
			isa = XCBuildConfiguration;
			buildSettings = {
				ASSETCATALOG_COMPILER_APPICON_NAME = AppIcon;
				ASSETCATALOG_COMPILER_GLOBAL_ACCENT_COLOR_NAME = AccentColor;
				CODE_SIGN_STYLE = Automatic;
				CURRENT_PROJECT_VERSION = 1;
				DEVELOPMENT_TEAM = U2M6GN4676;
				GENERATE_INFOPLIST_FILE = YES;
				INFOPLIST_FILE = ChangingBackground/Info.plist;
				INFOPLIST_KEY_UIApplicationSupportsIndirectInputEvents = YES;
				INFOPLIST_KEY_UILaunchStoryboardName = LaunchScreen;
				INFOPLIST_KEY_UIMainStoryboardFile = Main;
				INFOPLIST_KEY_UISupportedInterfaceOrientations_iPad = "UIInterfaceOrientationPortrait UIInterfaceOrientationPortraitUpsideDown UIInterfaceOrientationLandscapeLeft UIInterfaceOrientationLandscapeRight";
				INFOPLIST_KEY_UISupportedInterfaceOrientations_iPhone = "UIInterfaceOrientationPortrait UIInterfaceOrientationLandscapeLeft UIInterfaceOrientationLandscapeRight";
				LD_RUNPATH_SEARCH_PATHS = (
					"$(inherited)",
					"@executable_path/Frameworks",
				);
				MARKETING_VERSION = 1.0;
				PRODUCT_BUNDLE_IDENTIFIER = gervais.ChangingBackground;
				PRODUCT_NAME = "$(TARGET_NAME)";
				SWIFT_EMIT_LOC_STRINGS = YES;
				SWIFT_VERSION = 5.0;
				TARGETED_DEVICE_FAMILY = "1,2";
			};
			name = Debug;
		};
		BBFA1D862D488FBA005592FD /* Release */ = {
			isa = XCBuildConfiguration;
			buildSettings = {
				ASSETCATALOG_COMPILER_APPICON_NAME = AppIcon;
				ASSETCATALOG_COMPILER_GLOBAL_ACCENT_COLOR_NAME = AccentColor;
				CODE_SIGN_STYLE = Automatic;
				CURRENT_PROJECT_VERSION = 1;
				DEVELOPMENT_TEAM = U2M6GN4676;
				GENERATE_INFOPLIST_FILE = YES;
				INFOPLIST_FILE = ChangingBackground/Info.plist;
				INFOPLIST_KEY_UIApplicationSupportsIndirectInputEvents = YES;
				INFOPLIST_KEY_UILaunchStoryboardName = LaunchScreen;
				INFOPLIST_KEY_UIMainStoryboardFile = Main;
				INFOPLIST_KEY_UISupportedInterfaceOrientations_iPad = "UIInterfaceOrientationPortrait UIInterfaceOrientationPortraitUpsideDown UIInterfaceOrientationLandscapeLeft UIInterfaceOrientationLandscapeRight";
				INFOPLIST_KEY_UISupportedInterfaceOrientations_iPhone = "UIInterfaceOrientationPortrait UIInterfaceOrientationLandscapeLeft UIInterfaceOrientationLandscapeRight";
				LD_RUNPATH_SEARCH_PATHS = (
					"$(inherited)",
					"@executable_path/Frameworks",
				);
				MARKETING_VERSION = 1.0;
				PRODUCT_BUNDLE_IDENTIFIER = gervais.ChangingBackground;
				PRODUCT_NAME = "$(TARGET_NAME)";
				SWIFT_EMIT_LOC_STRINGS = YES;
				SWIFT_VERSION = 5.0;
				TARGETED_DEVICE_FAMILY = "1,2";
			};
			name = Release;
		};
		BBFA1D872D488FBA005592FD /* Debug */ = {
			isa = XCBuildConfiguration;
			buildSettings = {
				ALWAYS_SEARCH_USER_PATHS = NO;
				ASSETCATALOG_COMPILER_GENERATE_SWIFT_ASSET_SYMBOL_EXTENSIONS = YES;
				CLANG_ANALYZER_NONNULL = YES;
				CLANG_ANALYZER_NUMBER_OBJECT_CONVERSION = YES_AGGRESSIVE;
				CLANG_CXX_LANGUAGE_STANDARD = "gnu++20";
				CLANG_ENABLE_MODULES = YES;
				CLANG_ENABLE_OBJC_ARC = YES;
				CLANG_ENABLE_OBJC_WEAK = YES;
				CLANG_WARN_BLOCK_CAPTURE_AUTORELEASING = YES;
				CLANG_WARN_BOOL_CONVERSION = YES;
				CLANG_WARN_COMMA = YES;
				CLANG_WARN_CONSTANT_CONVERSION = YES;
				CLANG_WARN_DEPRECATED_OBJC_IMPLEMENTATIONS = YES;
				CLANG_WARN_DIRECT_OBJC_ISA_USAGE = YES_ERROR;
				CLANG_WARN_DOCUMENTATION_COMMENTS = YES;
				CLANG_WARN_EMPTY_BODY = YES;
				CLANG_WARN_ENUM_CONVERSION = YES;
				CLANG_WARN_INFINITE_RECURSION = YES;
				CLANG_WARN_INT_CONVERSION = YES;
				CLANG_WARN_NON_LITERAL_NULL_CONVERSION = YES;
				CLANG_WARN_OBJC_IMPLICIT_RETAIN_SELF = YES;
				CLANG_WARN_OBJC_LITERAL_CONVERSION = YES;
				CLANG_WARN_OBJC_ROOT_CLASS = YES_ERROR;
				CLANG_WARN_QUOTED_INCLUDE_IN_FRAMEWORK_HEADER = YES;
				CLANG_WARN_RANGE_LOOP_ANALYSIS = YES;
				CLANG_WARN_STRICT_PROTOTYPES = YES;
				CLANG_WARN_SUSPICIOUS_MOVE = YES;
				CLANG_WARN_UNGUARDED_AVAILABILITY = YES_AGGRESSIVE;
				CLANG_WARN_UNREACHABLE_CODE = YES;
				CLANG_WARN__DUPLICATE_METHOD_MATCH = YES;
				COPY_PHASE_STRIP = NO;
				DEBUG_INFORMATION_FORMAT = dwarf;
				ENABLE_STRICT_OBJC_MSGSEND = YES;
				ENABLE_TESTABILITY = YES;
				ENABLE_USER_SCRIPT_SANDBOXING = YES;
				GCC_C_LANGUAGE_STANDARD = gnu17;
				GCC_DYNAMIC_NO_PIC = NO;
				GCC_NO_COMMON_BLOCKS = YES;
				GCC_OPTIMIZATION_LEVEL = 0;
				GCC_PREPROCESSOR_DEFINITIONS = (
					"DEBUG=1",
					"$(inherited)",
				);
				GCC_WARN_64_TO_32_BIT_CONVERSION = YES;
				GCC_WARN_ABOUT_RETURN_TYPE = YES_ERROR;
				GCC_WARN_UNDECLARED_SELECTOR = YES;
				GCC_WARN_UNINITIALIZED_AUTOS = YES_AGGRESSIVE;
				GCC_WARN_UNUSED_FUNCTION = YES;
				GCC_WARN_UNUSED_VARIABLE = YES;
				IPHONEOS_DEPLOYMENT_TARGET = 18.2;
				LOCALIZATION_PREFERS_STRING_CATALOGS = YES;
				MTL_ENABLE_DEBUG_INFO = INCLUDE_SOURCE;
				MTL_FAST_MATH = YES;
				ONLY_ACTIVE_ARCH = YES;
				SDKROOT = iphoneos;
				SWIFT_ACTIVE_COMPILATION_CONDITIONS = "DEBUG $(inherited)";
				SWIFT_OPTIMIZATION_LEVEL = "-Onone";
			};
			name = Debug;
		};
		BBFA1D882D488FBA005592FD /* Release */ = {
			isa = XCBuildConfiguration;
			buildSettings = {
				ALWAYS_SEARCH_USER_PATHS = NO;
				ASSETCATALOG_COMPILER_GENERATE_SWIFT_ASSET_SYMBOL_EXTENSIONS = YES;
				CLANG_ANALYZER_NONNULL = YES;
				CLANG_ANALYZER_NUMBER_OBJECT_CONVERSION = YES_AGGRESSIVE;
				CLANG_CXX_LANGUAGE_STANDARD = "gnu++20";
				CLANG_ENABLE_MODULES = YES;
				CLANG_ENABLE_OBJC_ARC = YES;
				CLANG_ENABLE_OBJC_WEAK = YES;
				CLANG_WARN_BLOCK_CAPTURE_AUTORELEASING = YES;
				CLANG_WARN_BOOL_CONVERSION = YES;
				CLANG_WARN_COMMA = YES;
				CLANG_WARN_CONSTANT_CONVERSION = YES;
				CLANG_WARN_DEPRECATED_OBJC_IMPLEMENTATIONS = YES;
				CLANG_WARN_DIRECT_OBJC_ISA_USAGE = YES_ERROR;
				CLANG_WARN_DOCUMENTATION_COMMENTS = YES;
				CLANG_WARN_EMPTY_BODY = YES;
				CLANG_WARN_ENUM_CONVERSION = YES;
				CLANG_WARN_INFINITE_RECURSION = YES;
				CLANG_WARN_INT_CONVERSION = YES;
				CLANG_WARN_NON_LITERAL_NULL_CONVERSION = YES;
				CLANG_WARN_OBJC_IMPLICIT_RETAIN_SELF = YES;
				CLANG_WARN_OBJC_LITERAL_CONVERSION = YES;
				CLANG_WARN_OBJC_ROOT_CLASS = YES_ERROR;
				CLANG_WARN_QUOTED_INCLUDE_IN_FRAMEWORK_HEADER = YES;
				CLANG_WARN_RANGE_LOOP_ANALYSIS = YES;
				CLANG_WARN_STRICT_PROTOTYPES = YES;
				CLANG_WARN_SUSPICIOUS_MOVE = YES;
				CLANG_WARN_UNGUARDED_AVAILABILITY = YES_AGGRESSIVE;
				CLANG_WARN_UNREACHABLE_CODE = YES;
				CLANG_WARN__DUPLICATE_METHOD_MATCH = YES;
				COPY_PHASE_STRIP = NO;
				DEBUG_INFORMATION_FORMAT = "dwarf-with-dsym";
				ENABLE_NS_ASSERTIONS = NO;
				ENABLE_STRICT_OBJC_MSGSEND = YES;
				ENABLE_USER_SCRIPT_SANDBOXING = YES;
				GCC_C_LANGUAGE_STANDARD = gnu17;
				GCC_NO_COMMON_BLOCKS = YES;
				GCC_WARN_64_TO_32_BIT_CONVERSION = YES;
				GCC_WARN_ABOUT_RETURN_TYPE = YES_ERROR;
				GCC_WARN_UNDECLARED_SELECTOR = YES;
				GCC_WARN_UNINITIALIZED_AUTOS = YES_AGGRESSIVE;
				GCC_WARN_UNUSED_FUNCTION = YES;
				GCC_WARN_UNUSED_VARIABLE = YES;
				IPHONEOS_DEPLOYMENT_TARGET = 18.2;
				LOCALIZATION_PREFERS_STRING_CATALOGS = YES;
				MTL_ENABLE_DEBUG_INFO = NO;
				MTL_FAST_MATH = YES;
				SDKROOT = iphoneos;
				SWIFT_COMPILATION_MODE = wholemodule;
				VALIDATE_PRODUCT = YES;
			};
			name = Release;
		};
		BBFA1D8A2D488FBA005592FD /* Debug */ = {
			isa = XCBuildConfiguration;
			buildSettings = {
				BUNDLE_LOADER = "$(TEST_HOST)";
				CODE_SIGN_STYLE = Automatic;
				CURRENT_PROJECT_VERSION = 1;
				DEVELOPMENT_TEAM = U2M6GN4676;
				GENERATE_INFOPLIST_FILE = YES;
				IPHONEOS_DEPLOYMENT_TARGET = 18.2;
				MARKETING_VERSION = 1.0;
				PRODUCT_BUNDLE_IDENTIFIER = gervais.ChangingBackgroundTests;
				PRODUCT_NAME = "$(TARGET_NAME)";
				SWIFT_EMIT_LOC_STRINGS = NO;
				SWIFT_VERSION = 5.0;
				TARGETED_DEVICE_FAMILY = "1,2";
				TEST_HOST = "$(BUILT_PRODUCTS_DIR)/ChangingBackground.app/$(BUNDLE_EXECUTABLE_FOLDER_PATH)/ChangingBackground";
			};
			name = Debug;
		};
		BBFA1D8B2D488FBA005592FD /* Release */ = {
			isa = XCBuildConfiguration;
			buildSettings = {
				BUNDLE_LOADER = "$(TEST_HOST)";
				CODE_SIGN_STYLE = Automatic;
				CURRENT_PROJECT_VERSION = 1;
				DEVELOPMENT_TEAM = U2M6GN4676;
				GENERATE_INFOPLIST_FILE = YES;
				IPHONEOS_DEPLOYMENT_TARGET = 18.2;
				MARKETING_VERSION = 1.0;
				PRODUCT_BUNDLE_IDENTIFIER = gervais.ChangingBackgroundTests;
				PRODUCT_NAME = "$(TARGET_NAME)";
				SWIFT_EMIT_LOC_STRINGS = NO;
				SWIFT_VERSION = 5.0;
				TARGETED_DEVICE_FAMILY = "1,2";
				TEST_HOST = "$(BUILT_PRODUCTS_DIR)/ChangingBackground.app/$(BUNDLE_EXECUTABLE_FOLDER_PATH)/ChangingBackground";
			};
			name = Release;
		};
		BBFA1D8D2D488FBA005592FD /* Debug */ = {
			isa = XCBuildConfiguration;
			buildSettings = {
				CODE_SIGN_STYLE = Automatic;
				CURRENT_PROJECT_VERSION = 1;
				DEVELOPMENT_TEAM = U2M6GN4676;
				GENERATE_INFOPLIST_FILE = YES;
				MARKETING_VERSION = 1.0;
				PRODUCT_BUNDLE_IDENTIFIER = gervais.ChangingBackgroundUITests;
				PRODUCT_NAME = "$(TARGET_NAME)";
				SWIFT_EMIT_LOC_STRINGS = NO;
				SWIFT_VERSION = 5.0;
				TARGETED_DEVICE_FAMILY = "1,2";
				TEST_TARGET_NAME = ChangingBackground;
			};
			name = Debug;
		};
		BBFA1D8E2D488FBA005592FD /* Release */ = {
			isa = XCBuildConfiguration;
			buildSettings = {
				CODE_SIGN_STYLE = Automatic;
				CURRENT_PROJECT_VERSION = 1;
				DEVELOPMENT_TEAM = U2M6GN4676;
				GENERATE_INFOPLIST_FILE = YES;
				MARKETING_VERSION = 1.0;
				PRODUCT_BUNDLE_IDENTIFIER = gervais.ChangingBackgroundUITests;
				PRODUCT_NAME = "$(TARGET_NAME)";
				SWIFT_EMIT_LOC_STRINGS = NO;
				SWIFT_VERSION = 5.0;
				TARGETED_DEVICE_FAMILY = "1,2";
				TEST_TARGET_NAME = ChangingBackground;
			};
			name = Release;
		};
/* End XCBuildConfiguration section */

/* Begin XCConfigurationList section */
		BBFA1D562D488FB8005592FD /* Build configuration list for PBXProject "ChangingBackground" */ = {
			isa = XCConfigurationList;
			buildConfigurations = (
				BBFA1D872D488FBA005592FD /* Debug */,
				BBFA1D882D488FBA005592FD /* Release */,
			);
			defaultConfigurationIsVisible = 0;
			defaultConfigurationName = Release;
		};
		BBFA1D842D488FBA005592FD /* Build configuration list for PBXNativeTarget "ChangingBackground" */ = {
			isa = XCConfigurationList;
			buildConfigurations = (
				BBFA1D852D488FBA005592FD /* Debug */,
				BBFA1D862D488FBA005592FD /* Release */,
			);
			defaultConfigurationIsVisible = 0;
			defaultConfigurationName = Release;
		};
		BBFA1D892D488FBA005592FD /* Build configuration list for PBXNativeTarget "ChangingBackgroundTests" */ = {
			isa = XCConfigurationList;
			buildConfigurations = (
				BBFA1D8A2D488FBA005592FD /* Debug */,
				BBFA1D8B2D488FBA005592FD /* Release */,
			);
			defaultConfigurationIsVisible = 0;
			defaultConfigurationName = Release;
		};
		BBFA1D8C2D488FBA005592FD /* Build configuration list for PBXNativeTarget "ChangingBackgroundUITests" */ = {
			isa = XCConfigurationList;
			buildConfigurations = (
				BBFA1D8D2D488FBA005592FD /* Debug */,
				BBFA1D8E2D488FBA005592FD /* Release */,
			);
			defaultConfigurationIsVisible = 0;
			defaultConfigurationName = Release;
		};
/* End XCConfigurationList section */
	};
	rootObject = BBFA1D532D488FB8005592FD /* Project object */;
}
